
Microsoft Visual Studio Solution File, Format Version 12.00
# Visual Studio Version 17
VisualStudioVersion = 17.0.31912.275
MinimumVisualStudioVersion = 10.0.40219.1
Project("{2150E333-8FDC-42A3-9474-1A3956D46DE8}") = "SOLID", "SOLID", "{84171A42-D240-45E3-866E-AF5F04706037}"
EndProject
Project("{2150E333-8FDC-42A3-9474-1A3956D46DE8}") = "C Sharp", "C Sharp", "{29393094-66E7-4A00-B756-3A11AE282DB3}"
EndProject
Project("{2150E333-8FDC-42A3-9474-1A3956D46DE8}") = "Libraries", "Libraries", "{8F9E35D3-852F-49DB-9D0C-AE0F93ECA986}"
EndProject
Project("{FAE04EC0-301F-11D3-BF4B-00C04F79EFBC}") = "Benchmarks", "Benchmarks\Benchmarks.csproj", "{E61A98A6-3FF8-480C-A800-A06B66A67009}"
EndProject
Project("{FAE04EC0-301F-11D3-BF4B-00C04F79EFBC}") = "Data_Structures", "C Sharp\Data_Structures\Data_Structures.csproj", "{C4BF023B-7C98-4AA4-8B2A-2937C6168521}"
EndProject
Project("{FAE04EC0-301F-11D3-BF4B-00C04F79EFBC}") = "Attributes", "C Sharp\Attributes\Attributes.csproj", "{93D703ED-633B-449C-BE49-3DD2531A8DCB}"
EndProject
Project("{FAE04EC0-301F-11D3-BF4B-00C04F79EFBC}") = "const_readonly_static", "C Sharp\const_readonly_static\const_readonly_static.csproj", "{2534A987-058C-47A4-BEA5-19133133D842}"
EndProject
Project("{FAE04EC0-301F-11D3-BF4B-00C04F79EFBC}") = "Dates", "C Sharp\Dates\Dates.csproj", "{5087C760-9F17-48F4-B1F1-4665DA803F48}"
EndProject
Project("{FAE04EC0-301F-11D3-BF4B-00C04F79EFBC}") = "expressions", "C Sharp\expressions\expressions.csproj", "{FC31F543-AC4D-4943-A045-7B83613E565D}"
EndProject
Project("{FAE04EC0-301F-11D3-BF4B-00C04F79EFBC}") = "Extensions", "C Sharp\Extensions\Extensions.csproj", "{04A46C1B-548E-4EE9-AAE2-01FBE37225BB}"
EndProject
Project("{FAE04EC0-301F-11D3-BF4B-00C04F79EFBC}") = "generics", "C Sharp\generics\generics.csproj", "{69D055BC-F140-42F3-A55A-09906B376384}"
EndProject
Project("{FAE04EC0-301F-11D3-BF4B-00C04F79EFBC}") = "indexers", "C Sharp\indexers\indexers.csproj", "{C3092164-A0E0-49DF-81D6-F681B570B1EB}"
EndProject
Project("{FAE04EC0-301F-11D3-BF4B-00C04F79EFBC}") = "Interface_and_abstract_class", "C Sharp\Interface_and_abstract_class\Interface_and_abstract_class.csproj", "{95E2CF59-A828-4145-8F22-356DFA88701B}"
EndProject
Project("{FAE04EC0-301F-11D3-BF4B-00C04F79EFBC}") = "nullable", "C Sharp\nullable\nullable.csproj", "{53126C01-CCC2-4C98-BB2F-FC9F96E01E04}"
EndProject
Project("{FAE04EC0-301F-11D3-BF4B-00C04F79EFBC}") = "Operators", "C Sharp\Operators\Operators.csproj", "{B96C0EF8-00C7-4723-BB64-51433A699003}"
EndProject
Project("{FAE04EC0-301F-11D3-BF4B-00C04F79EFBC}") = "Properties", "C Sharp\Properties\Properties.csproj", "{628FC721-BB97-4B7B-8EBB-A71FBA6674FC}"
EndProject
Project("{FAE04EC0-301F-11D3-BF4B-00C04F79EFBC}") = "Reflection", "C Sharp\Reflection\Reflection.csproj", "{15261E87-877D-41A9-915B-A960A2F8DB12}"
EndProject
Project("{FAE04EC0-301F-11D3-BF4B-00C04F79EFBC}") = "Tuples_var_dynamic_object_anonymous_type", "C Sharp\Tuples_var_dynamic_object_anonymous_type\Tuples_var_dynamic_object_anonymous_type.csproj", "{01D3AF29-12E7-4E9C-8B0A-AADDB831E08B}"
EndProject
Project("{FAE04EC0-301F-11D3-BF4B-00C04F79EFBC}") = "using_examples", "C Sharp\using_examples\using_examples.csproj", "{B5CD7F1B-8258-45C9-AE94-90D82E905ECD}"
EndProject
Project("{FAE04EC0-301F-11D3-BF4B-00C04F79EFBC}") = "Value_reference_types", "C Sharp\Value_reference_types\Value_reference_types.csproj", "{8716BB30-FD8A-4334-B8B0-CA50B3F26912}"
EndProject
Project("{FAE04EC0-301F-11D3-BF4B-00C04F79EFBC}") = "yield_enumerator", "C Sharp\yield_enumerator\yield_enumerator.csproj", "{37350A69-63E5-4137-82D5-119060D52125}"
EndProject
Project("{FAE04EC0-301F-11D3-BF4B-00C04F79EFBC}") = "FluentValidationDemo", "Libraries\FluentValidationDemo\FluentValidationDemo.csproj", "{18158977-E167-4245-88D7-3AFCDCDBCAFA}"
EndProject
Project("{FAE04EC0-301F-11D3-BF4B-00C04F79EFBC}") = "LINQDemo", "Libraries\LINQDemo\LINQDemo.csproj", "{141F1631-F2D8-44C5-BFDC-68AC1CAEEBDA}"
EndProject
Project("{FAE04EC0-301F-11D3-BF4B-00C04F79EFBC}") = "xUnitDemo", "Libraries\xUnitDemo\xUnitDemo.csproj", "{D6C544F7-B377-4155-983B-3E56B2C86A0F}"
EndProject
Project("{FAE04EC0-301F-11D3-BF4B-00C04F79EFBC}") = "DependencyInversion", "SOLID\DependencyInversion\DependencyInversion.csproj", "{FF2EE9A0-1111-46E3-9397-9B930B304C1E}"
EndProject
Project("{FAE04EC0-301F-11D3-BF4B-00C04F79EFBC}") = "InterfaceSegregation", "SOLID\InterfaceSegregation\InterfaceSegregation.csproj", "{FE0EA7D0-396E-4E2A-8D4D-58ABF4375FE6}"
EndProject
Project("{FAE04EC0-301F-11D3-BF4B-00C04F79EFBC}") = "LiskovSubstitution", "SOLID\LiskovSubstitution\LiskovSubstitution.csproj", "{C0E525FA-CA05-4F67-85DB-35AAC1846140}"
EndProject
Project("{FAE04EC0-301F-11D3-BF4B-00C04F79EFBC}") = "OpenClose", "SOLID\OpenClose\OpenClose.csproj", "{2A0B5428-E79E-4FC2-AF70-222C1AFD2E3E}"
EndProject
Project("{FAE04EC0-301F-11D3-BF4B-00C04F79EFBC}") = "SingleResponsibility", "SOLID\SingleResponsibility\SingleResponsibility.csproj", "{4BBEAFA5-2088-465B-BDED-52BD7F25E657}"
EndProject
Project("{FAE04EC0-301F-11D3-BF4B-00C04F79EFBC}") = "Kata", "Kata\Kata.csproj", "{101A57D7-C18C-4A5A-9C21-F03D8E4CDF23}"
EndProject
Project("{FAE04EC0-301F-11D3-BF4B-00C04F79EFBC}") = "Floating_point_numbers", "C Sharp\Floating_point_numbers\Floating_point_numbers.csproj", "{21F8BF7F-090E-4CD7-AA26-7A5A5A8CD3F1}"
EndProject
Global
	GlobalSection(SolutionConfigurationPlatforms) = preSolution
		Debug|Any CPU = Debug|Any CPU
		Release|Any CPU = Release|Any CPU
	EndGlobalSection
	GlobalSection(ProjectConfigurationPlatforms) = postSolution
		{E61A98A6-3FF8-480C-A800-A06B66A67009}.Debug|Any CPU.ActiveCfg = Debug|Any CPU
		{E61A98A6-3FF8-480C-A800-A06B66A67009}.Debug|Any CPU.Build.0 = Debug|Any CPU
		{E61A98A6-3FF8-480C-A800-A06B66A67009}.Release|Any CPU.ActiveCfg = Release|Any CPU
		{E61A98A6-3FF8-480C-A800-A06B66A67009}.Release|Any CPU.Build.0 = Release|Any CPU
		{C4BF023B-7C98-4AA4-8B2A-2937C6168521}.Debug|Any CPU.ActiveCfg = Debug|Any CPU
		{C4BF023B-7C98-4AA4-8B2A-2937C6168521}.Debug|Any CPU.Build.0 = Debug|Any CPU
		{C4BF023B-7C98-4AA4-8B2A-2937C6168521}.Release|Any CPU.ActiveCfg = Release|Any CPU
		{C4BF023B-7C98-4AA4-8B2A-2937C6168521}.Release|Any CPU.Build.0 = Release|Any CPU
		{93D703ED-633B-449C-BE49-3DD2531A8DCB}.Debug|Any CPU.ActiveCfg = Debug|Any CPU
		{93D703ED-633B-449C-BE49-3DD2531A8DCB}.Debug|Any CPU.Build.0 = Debug|Any CPU
		{93D703ED-633B-449C-BE49-3DD2531A8DCB}.Release|Any CPU.ActiveCfg = Release|Any CPU
		{93D703ED-633B-449C-BE49-3DD2531A8DCB}.Release|Any CPU.Build.0 = Release|Any CPU
		{2534A987-058C-47A4-BEA5-19133133D842}.Debug|Any CPU.ActiveCfg = Debug|Any CPU
		{2534A987-058C-47A4-BEA5-19133133D842}.Debug|Any CPU.Build.0 = Debug|Any CPU
		{2534A987-058C-47A4-BEA5-19133133D842}.Release|Any CPU.ActiveCfg = Release|Any CPU
		{2534A987-058C-47A4-BEA5-19133133D842}.Release|Any CPU.Build.0 = Release|Any CPU
		{5087C760-9F17-48F4-B1F1-4665DA803F48}.Debug|Any CPU.ActiveCfg = Debug|Any CPU
		{5087C760-9F17-48F4-B1F1-4665DA803F48}.Debug|Any CPU.Build.0 = Debug|Any CPU
		{5087C760-9F17-48F4-B1F1-4665DA803F48}.Release|Any CPU.ActiveCfg = Release|Any CPU
		{5087C760-9F17-48F4-B1F1-4665DA803F48}.Release|Any CPU.Build.0 = Release|Any CPU
		{FC31F543-AC4D-4943-A045-7B83613E565D}.Debug|Any CPU.ActiveCfg = Debug|Any CPU
		{FC31F543-AC4D-4943-A045-7B83613E565D}.Debug|Any CPU.Build.0 = Debug|Any CPU
		{FC31F543-AC4D-4943-A045-7B83613E565D}.Release|Any CPU.ActiveCfg = Release|Any CPU
		{FC31F543-AC4D-4943-A045-7B83613E565D}.Release|Any CPU.Build.0 = Release|Any CPU
		{04A46C1B-548E-4EE9-AAE2-01FBE37225BB}.Debug|Any CPU.ActiveCfg = Debug|Any CPU
		{04A46C1B-548E-4EE9-AAE2-01FBE37225BB}.Debug|Any CPU.Build.0 = Debug|Any CPU
		{04A46C1B-548E-4EE9-AAE2-01FBE37225BB}.Release|Any CPU.ActiveCfg = Release|Any CPU
		{04A46C1B-548E-4EE9-AAE2-01FBE37225BB}.Release|Any CPU.Build.0 = Release|Any CPU
		{69D055BC-F140-42F3-A55A-09906B376384}.Debug|Any CPU.ActiveCfg = Debug|Any CPU
		{69D055BC-F140-42F3-A55A-09906B376384}.Debug|Any CPU.Build.0 = Debug|Any CPU
		{69D055BC-F140-42F3-A55A-09906B376384}.Release|Any CPU.ActiveCfg = Release|Any CPU
		{69D055BC-F140-42F3-A55A-09906B376384}.Release|Any CPU.Build.0 = Release|Any CPU
		{C3092164-A0E0-49DF-81D6-F681B570B1EB}.Debug|Any CPU.ActiveCfg = Debug|Any CPU
		{C3092164-A0E0-49DF-81D6-F681B570B1EB}.Debug|Any CPU.Build.0 = Debug|Any CPU
		{C3092164-A0E0-49DF-81D6-F681B570B1EB}.Release|Any CPU.ActiveCfg = Release|Any CPU
		{C3092164-A0E0-49DF-81D6-F681B570B1EB}.Release|Any CPU.Build.0 = Release|Any CPU
		{95E2CF59-A828-4145-8F22-356DFA88701B}.Debug|Any CPU.ActiveCfg = Debug|Any CPU
		{95E2CF59-A828-4145-8F22-356DFA88701B}.Debug|Any CPU.Build.0 = Debug|Any CPU
		{95E2CF59-A828-4145-8F22-356DFA88701B}.Release|Any CPU.ActiveCfg = Release|Any CPU
		{95E2CF59-A828-4145-8F22-356DFA88701B}.Release|Any CPU.Build.0 = Release|Any CPU
		{53126C01-CCC2-4C98-BB2F-FC9F96E01E04}.Debug|Any CPU.ActiveCfg = Debug|Any CPU
		{53126C01-CCC2-4C98-BB2F-FC9F96E01E04}.Debug|Any CPU.Build.0 = Debug|Any CPU
		{53126C01-CCC2-4C98-BB2F-FC9F96E01E04}.Release|Any CPU.ActiveCfg = Release|Any CPU
		{53126C01-CCC2-4C98-BB2F-FC9F96E01E04}.Release|Any CPU.Build.0 = Release|Any CPU
		{B96C0EF8-00C7-4723-BB64-51433A699003}.Debug|Any CPU.ActiveCfg = Debug|Any CPU
		{B96C0EF8-00C7-4723-BB64-51433A699003}.Debug|Any CPU.Build.0 = Debug|Any CPU
		{B96C0EF8-00C7-4723-BB64-51433A699003}.Release|Any CPU.ActiveCfg = Release|Any CPU
		{B96C0EF8-00C7-4723-BB64-51433A699003}.Release|Any CPU.Build.0 = Release|Any CPU
		{628FC721-BB97-4B7B-8EBB-A71FBA6674FC}.Debug|Any CPU.ActiveCfg = Debug|Any CPU
		{628FC721-BB97-4B7B-8EBB-A71FBA6674FC}.Debug|Any CPU.Build.0 = Debug|Any CPU
		{628FC721-BB97-4B7B-8EBB-A71FBA6674FC}.Release|Any CPU.ActiveCfg = Release|Any CPU
		{628FC721-BB97-4B7B-8EBB-A71FBA6674FC}.Release|Any CPU.Build.0 = Release|Any CPU
		{15261E87-877D-41A9-915B-A960A2F8DB12}.Debug|Any CPU.ActiveCfg = Debug|Any CPU
		{15261E87-877D-41A9-915B-A960A2F8DB12}.Debug|Any CPU.Build.0 = Debug|Any CPU
		{15261E87-877D-41A9-915B-A960A2F8DB12}.Release|Any CPU.ActiveCfg = Release|Any CPU
		{15261E87-877D-41A9-915B-A960A2F8DB12}.Release|Any CPU.Build.0 = Release|Any CPU
		{01D3AF29-12E7-4E9C-8B0A-AADDB831E08B}.Debug|Any CPU.ActiveCfg = Debug|Any CPU
		{01D3AF29-12E7-4E9C-8B0A-AADDB831E08B}.Debug|Any CPU.Build.0 = Debug|Any CPU
		{01D3AF29-12E7-4E9C-8B0A-AADDB831E08B}.Release|Any CPU.ActiveCfg = Release|Any CPU
		{01D3AF29-12E7-4E9C-8B0A-AADDB831E08B}.Release|Any CPU.Build.0 = Release|Any CPU
		{B5CD7F1B-8258-45C9-AE94-90D82E905ECD}.Debug|Any CPU.ActiveCfg = Debug|Any CPU
		{B5CD7F1B-8258-45C9-AE94-90D82E905ECD}.Debug|Any CPU.Build.0 = Debug|Any CPU
		{B5CD7F1B-8258-45C9-AE94-90D82E905ECD}.Release|Any CPU.ActiveCfg = Release|Any CPU
		{B5CD7F1B-8258-45C9-AE94-90D82E905ECD}.Release|Any CPU.Build.0 = Release|Any CPU
		{8716BB30-FD8A-4334-B8B0-CA50B3F26912}.Debug|Any CPU.ActiveCfg = Debug|Any CPU
		{8716BB30-FD8A-4334-B8B0-CA50B3F26912}.Debug|Any CPU.Build.0 = Debug|Any CPU
		{8716BB30-FD8A-4334-B8B0-CA50B3F26912}.Release|Any CPU.ActiveCfg = Release|Any CPU
		{8716BB30-FD8A-4334-B8B0-CA50B3F26912}.Release|Any CPU.Build.0 = Release|Any CPU
		{37350A69-63E5-4137-82D5-119060D52125}.Debug|Any CPU.ActiveCfg = Debug|Any CPU
		{37350A69-63E5-4137-82D5-119060D52125}.Debug|Any CPU.Build.0 = Debug|Any CPU
		{37350A69-63E5-4137-82D5-119060D52125}.Release|Any CPU.ActiveCfg = Release|Any CPU
		{37350A69-63E5-4137-82D5-119060D52125}.Release|Any CPU.Build.0 = Release|Any CPU
		{18158977-E167-4245-88D7-3AFCDCDBCAFA}.Debug|Any CPU.ActiveCfg = Debug|Any CPU
		{18158977-E167-4245-88D7-3AFCDCDBCAFA}.Debug|Any CPU.Build.0 = Debug|Any CPU
		{18158977-E167-4245-88D7-3AFCDCDBCAFA}.Release|Any CPU.ActiveCfg = Release|Any CPU
		{18158977-E167-4245-88D7-3AFCDCDBCAFA}.Release|Any CPU.Build.0 = Release|Any CPU
		{141F1631-F2D8-44C5-BFDC-68AC1CAEEBDA}.Debug|Any CPU.ActiveCfg = Debug|Any CPU
		{141F1631-F2D8-44C5-BFDC-68AC1CAEEBDA}.Debug|Any CPU.Build.0 = Debug|Any CPU
		{141F1631-F2D8-44C5-BFDC-68AC1CAEEBDA}.Release|Any CPU.ActiveCfg = Release|Any CPU
		{141F1631-F2D8-44C5-BFDC-68AC1CAEEBDA}.Release|Any CPU.Build.0 = Release|Any CPU
		{D6C544F7-B377-4155-983B-3E56B2C86A0F}.Debug|Any CPU.ActiveCfg = Debug|Any CPU
		{D6C544F7-B377-4155-983B-3E56B2C86A0F}.Debug|Any CPU.Build.0 = Debug|Any CPU
		{D6C544F7-B377-4155-983B-3E56B2C86A0F}.Release|Any CPU.ActiveCfg = Release|Any CPU
		{D6C544F7-B377-4155-983B-3E56B2C86A0F}.Release|Any CPU.Build.0 = Release|Any CPU
		{FF2EE9A0-1111-46E3-9397-9B930B304C1E}.Debug|Any CPU.ActiveCfg = Debug|Any CPU
		{FF2EE9A0-1111-46E3-9397-9B930B304C1E}.Debug|Any CPU.Build.0 = Debug|Any CPU
		{FF2EE9A0-1111-46E3-9397-9B930B304C1E}.Release|Any CPU.ActiveCfg = Release|Any CPU
		{FF2EE9A0-1111-46E3-9397-9B930B304C1E}.Release|Any CPU.Build.0 = Release|Any CPU
		{FE0EA7D0-396E-4E2A-8D4D-58ABF4375FE6}.Debug|Any CPU.ActiveCfg = Debug|Any CPU
		{FE0EA7D0-396E-4E2A-8D4D-58ABF4375FE6}.Debug|Any CPU.Build.0 = Debug|Any CPU
		{FE0EA7D0-396E-4E2A-8D4D-58ABF4375FE6}.Release|Any CPU.ActiveCfg = Release|Any CPU
		{FE0EA7D0-396E-4E2A-8D4D-58ABF4375FE6}.Release|Any CPU.Build.0 = Release|Any CPU
		{C0E525FA-CA05-4F67-85DB-35AAC1846140}.Debug|Any CPU.ActiveCfg = Debug|Any CPU
		{C0E525FA-CA05-4F67-85DB-35AAC1846140}.Debug|Any CPU.Build.0 = Debug|Any CPU
		{C0E525FA-CA05-4F67-85DB-35AAC1846140}.Release|Any CPU.ActiveCfg = Release|Any CPU
		{C0E525FA-CA05-4F67-85DB-35AAC1846140}.Release|Any CPU.Build.0 = Release|Any CPU
		{2A0B5428-E79E-4FC2-AF70-222C1AFD2E3E}.Debug|Any CPU.ActiveCfg = Debug|Any CPU
		{2A0B5428-E79E-4FC2-AF70-222C1AFD2E3E}.Debug|Any CPU.Build.0 = Debug|Any CPU
		{2A0B5428-E79E-4FC2-AF70-222C1AFD2E3E}.Release|Any CPU.ActiveCfg = Release|Any CPU
		{2A0B5428-E79E-4FC2-AF70-222C1AFD2E3E}.Release|Any CPU.Build.0 = Release|Any CPU
		{4BBEAFA5-2088-465B-BDED-52BD7F25E657}.Debug|Any CPU.ActiveCfg = Debug|Any CPU
		{4BBEAFA5-2088-465B-BDED-52BD7F25E657}.Debug|Any CPU.Build.0 = Debug|Any CPU
		{4BBEAFA5-2088-465B-BDED-52BD7F25E657}.Release|Any CPU.ActiveCfg = Release|Any CPU
		{4BBEAFA5-2088-465B-BDED-52BD7F25E657}.Release|Any CPU.Build.0 = Release|Any CPU
		{101A57D7-C18C-4A5A-9C21-F03D8E4CDF23}.Debug|Any CPU.ActiveCfg = Debug|Any CPU
		{101A57D7-C18C-4A5A-9C21-F03D8E4CDF23}.Debug|Any CPU.Build.0 = Debug|Any CPU
		{101A57D7-C18C-4A5A-9C21-F03D8E4CDF23}.Release|Any CPU.ActiveCfg = Release|Any CPU
		{101A57D7-C18C-4A5A-9C21-F03D8E4CDF23}.Release|Any CPU.Build.0 = Release|Any CPU
		{21F8BF7F-090E-4CD7-AA26-7A5A5A8CD3F1}.Debug|Any CPU.ActiveCfg = Debug|Any CPU
		{21F8BF7F-090E-4CD7-AA26-7A5A5A8CD3F1}.Debug|Any CPU.Build.0 = Debug|Any CPU
		{21F8BF7F-090E-4CD7-AA26-7A5A5A8CD3F1}.Release|Any CPU.ActiveCfg = Release|Any CPU
		{21F8BF7F-090E-4CD7-AA26-7A5A5A8CD3F1}.Release|Any CPU.Build.0 = Release|Any CPU
	EndGlobalSection
	GlobalSection(SolutionProperties) = preSolution
		HideSolutionNode = FALSE
	EndGlobalSection
	GlobalSection(NestedProjects) = preSolution
		{C4BF023B-7C98-4AA4-8B2A-2937C6168521} = {29393094-66E7-4A00-B756-3A11AE282DB3}
		{93D703ED-633B-449C-BE49-3DD2531A8DCB} = {29393094-66E7-4A00-B756-3A11AE282DB3}
		{2534A987-058C-47A4-BEA5-19133133D842} = {29393094-66E7-4A00-B756-3A11AE282DB3}
		{5087C760-9F17-48F4-B1F1-4665DA803F48} = {29393094-66E7-4A00-B756-3A11AE282DB3}
		{FC31F543-AC4D-4943-A045-7B83613E565D} = {29393094-66E7-4A00-B756-3A11AE282DB3}
		{04A46C1B-548E-4EE9-AAE2-01FBE37225BB} = {29393094-66E7-4A00-B756-3A11AE282DB3}
		{69D055BC-F140-42F3-A55A-09906B376384} = {29393094-66E7-4A00-B756-3A11AE282DB3}
		{C3092164-A0E0-49DF-81D6-F681B570B1EB} = {29393094-66E7-4A00-B756-3A11AE282DB3}
		{95E2CF59-A828-4145-8F22-356DFA88701B} = {29393094-66E7-4A00-B756-3A11AE282DB3}
		{53126C01-CCC2-4C98-BB2F-FC9F96E01E04} = {29393094-66E7-4A00-B756-3A11AE282DB3}
		{B96C0EF8-00C7-4723-BB64-51433A699003} = {29393094-66E7-4A00-B756-3A11AE282DB3}
		{628FC721-BB97-4B7B-8EBB-A71FBA6674FC} = {29393094-66E7-4A00-B756-3A11AE282DB3}
		{15261E87-877D-41A9-915B-A960A2F8DB12} = {29393094-66E7-4A00-B756-3A11AE282DB3}
		{01D3AF29-12E7-4E9C-8B0A-AADDB831E08B} = {29393094-66E7-4A00-B756-3A11AE282DB3}
		{B5CD7F1B-8258-45C9-AE94-90D82E905ECD} = {29393094-66E7-4A00-B756-3A11AE282DB3}
		{8716BB30-FD8A-4334-B8B0-CA50B3F26912} = {29393094-66E7-4A00-B756-3A11AE282DB3}
		{37350A69-63E5-4137-82D5-119060D52125} = {29393094-66E7-4A00-B756-3A11AE282DB3}
		{18158977-E167-4245-88D7-3AFCDCDBCAFA} = {8F9E35D3-852F-49DB-9D0C-AE0F93ECA986}
		{141F1631-F2D8-44C5-BFDC-68AC1CAEEBDA} = {8F9E35D3-852F-49DB-9D0C-AE0F93ECA986}
		{D6C544F7-B377-4155-983B-3E56B2C86A0F} = {8F9E35D3-852F-49DB-9D0C-AE0F93ECA986}
		{FF2EE9A0-1111-46E3-9397-9B930B304C1E} = {84171A42-D240-45E3-866E-AF5F04706037}
		{FE0EA7D0-396E-4E2A-8D4D-58ABF4375FE6} = {84171A42-D240-45E3-866E-AF5F04706037}
		{C0E525FA-CA05-4F67-85DB-35AAC1846140} = {84171A42-D240-45E3-866E-AF5F04706037}
		{2A0B5428-E79E-4FC2-AF70-222C1AFD2E3E} = {84171A42-D240-45E3-866E-AF5F04706037}
		{4BBEAFA5-2088-465B-BDED-52BD7F25E657} = {84171A42-D240-45E3-866E-AF5F04706037}
		{21F8BF7F-090E-4CD7-AA26-7A5A5A8CD3F1} = {29393094-66E7-4A00-B756-3A11AE282DB3}
	EndGlobalSection
	GlobalSection(ExtensibilityGlobals) = postSolution
		SolutionGuid = {E1383AFC-D60B-48B4-BAF0-C74954D62DA7}
	EndGlobalSection
EndGlobal
