
Microsoft Visual Studio Solution File, Format Version 12.00
# Visual Studio Version 17
VisualStudioVersion = 17.0.31912.275
MinimumVisualStudioVersion = 10.0.40219.1
Project("{2150E333-8FDC-42A3-9474-1A3956D46DE8}") = "WPF", "WPF", "{9E7DDBAE-AE99-4EBF-BC76-A3E644E50120}"
EndProject
Project("{2150E333-8FDC-42A3-9474-1A3956D46DE8}") = "SOLID", "SOLID", "{84171A42-D240-45E3-866E-AF5F04706037}"
EndProject
Project("{2150E333-8FDC-42A3-9474-1A3956D46DE8}") = "DesignPatterns", "DesignPatterns", "{74E86F0A-7152-4D74-9A2B-C9553365FA81}"
EndProject
Project("{2150E333-8FDC-42A3-9474-1A3956D46DE8}") = "Creational", "Creational", "{526B57B7-2692-4B7A-B952-846850E0AD8F}"
EndProject
Project("{2150E333-8FDC-42A3-9474-1A3956D46DE8}") = "Structural", "Structural", "{424E2623-461F-4E72-ABDB-B9D692823791}"
EndProject
Project("{2150E333-8FDC-42A3-9474-1A3956D46DE8}") = "Behavioral", "Behavioral", "{37A3369F-CE7A-4DEF-BDF2-B57DE8FCE656}"
EndProject
Project("{2150E333-8FDC-42A3-9474-1A3956D46DE8}") = "C Sharp", "C Sharp", "{29393094-66E7-4A00-B756-3A11AE282DB3}"
EndProject
Project("{2150E333-8FDC-42A3-9474-1A3956D46DE8}") = "Libraries", "Libraries", "{8F9E35D3-852F-49DB-9D0C-AE0F93ECA986}"
EndProject
Project("{FAE04EC0-301F-11D3-BF4B-00C04F79EFBC}") = "Benchmarks", "Benchmarks\Benchmarks.csproj", "{E61A98A6-3FF8-480C-A800-A06B66A67009}"
EndProject
Project("{FAE04EC0-301F-11D3-BF4B-00C04F79EFBC}") = "Arrays_collections", "C Sharp\Arrays_collections\Arrays_collections.csproj", "{C4BF023B-7C98-4AA4-8B2A-2937C6168521}"
EndProject
Project("{FAE04EC0-301F-11D3-BF4B-00C04F79EFBC}") = "async", "C Sharp\async\async.csproj", "{461DF8CE-9753-43BC-BC59-EA557F1B84EF}"
EndProject
Project("{FAE04EC0-301F-11D3-BF4B-00C04F79EFBC}") = "Attributes", "C Sharp\Attributes\Attributes.csproj", "{93D703ED-633B-449C-BE49-3DD2531A8DCB}"
EndProject
Project("{FAE04EC0-301F-11D3-BF4B-00C04F79EFBC}") = "const_readonly_static", "C Sharp\const_readonly_static\const_readonly_static.csproj", "{2534A987-058C-47A4-BEA5-19133133D842}"
EndProject
Project("{FAE04EC0-301F-11D3-BF4B-00C04F79EFBC}") = "Dates", "C Sharp\Dates\Dates.csproj", "{5087C760-9F17-48F4-B1F1-4665DA803F48}"
EndProject
Project("{FAE04EC0-301F-11D3-BF4B-00C04F79EFBC}") = "expressions", "C Sharp\expressions\expressions.csproj", "{FC31F543-AC4D-4943-A045-7B83613E565D}"
EndProject
Project("{FAE04EC0-301F-11D3-BF4B-00C04F79EFBC}") = "Extensions", "C Sharp\Extensions\Extensions.csproj", "{04A46C1B-548E-4EE9-AAE2-01FBE37225BB}"
EndProject
Project("{FAE04EC0-301F-11D3-BF4B-00C04F79EFBC}") = "generics", "C Sharp\generics\generics.csproj", "{69D055BC-F140-42F3-A55A-09906B376384}"
EndProject
Project("{FAE04EC0-301F-11D3-BF4B-00C04F79EFBC}") = "indexers", "C Sharp\indexers\indexers.csproj", "{C3092164-A0E0-49DF-81D6-F681B570B1EB}"
EndProject
Project("{FAE04EC0-301F-11D3-BF4B-00C04F79EFBC}") = "Interfaces", "C Sharp\Interfaces\Interfaces.csproj", "{95E2CF59-A828-4145-8F22-356DFA88701B}"
EndProject
Project("{FAE04EC0-301F-11D3-BF4B-00C04F79EFBC}") = "nullable", "C Sharp\nullable\nullable.csproj", "{53126C01-CCC2-4C98-BB2F-FC9F96E01E04}"
EndProject
Project("{FAE04EC0-301F-11D3-BF4B-00C04F79EFBC}") = "Operators", "C Sharp\Operators\Operators.csproj", "{B96C0EF8-00C7-4723-BB64-51433A699003}"
EndProject
Project("{FAE04EC0-301F-11D3-BF4B-00C04F79EFBC}") = "Properties", "C Sharp\Properties\Properties.csproj", "{628FC721-BB97-4B7B-8EBB-A71FBA6674FC}"
EndProject
Project("{FAE04EC0-301F-11D3-BF4B-00C04F79EFBC}") = "Reflection", "C Sharp\Reflection\Reflection.csproj", "{15261E87-877D-41A9-915B-A960A2F8DB12}"
EndProject
Project("{FAE04EC0-301F-11D3-BF4B-00C04F79EFBC}") = "Tuples_var_dynamic_object_anonymous_type", "C Sharp\Tuples_var_dynamic_object_anonymous_type\Tuples_var_dynamic_object_anonymous_type.csproj", "{01D3AF29-12E7-4E9C-8B0A-AADDB831E08B}"
EndProject
Project("{FAE04EC0-301F-11D3-BF4B-00C04F79EFBC}") = "using_examples", "C Sharp\using_examples\using_examples.csproj", "{B5CD7F1B-8258-45C9-AE94-90D82E905ECD}"
EndProject
Project("{FAE04EC0-301F-11D3-BF4B-00C04F79EFBC}") = "Value_reference_types", "C Sharp\Value_reference_types\Value_reference_types.csproj", "{8716BB30-FD8A-4334-B8B0-CA50B3F26912}"
EndProject
Project("{FAE04EC0-301F-11D3-BF4B-00C04F79EFBC}") = "yield_enumerator", "C Sharp\yield_enumerator\yield_enumerator.csproj", "{37350A69-63E5-4137-82D5-119060D52125}"
EndProject
Project("{FAE04EC0-301F-11D3-BF4B-00C04F79EFBC}") = "Inheritance_polymorphism", "C Sharp\Inheritance_polymorphism\Inheritance_polymorphism.csproj", "{97B05CF0-3FF1-4315-BADB-521C1F47548C}"
EndProject
Project("{FAE04EC0-301F-11D3-BF4B-00C04F79EFBC}") = "ChainOfResponsibility", "DesignPatterns\Behavioral\ChainOfResponsibility\ChainOfResponsibility.csproj", "{C05D0B45-0E94-4214-B7C0-27F8B581C26A}"
EndProject
Project("{FAE04EC0-301F-11D3-BF4B-00C04F79EFBC}") = "Mediator", "DesignPatterns\Behavioral\Mediator\Mediator.csproj", "{57091B0C-3119-4603-912D-1DA2D6AD9EF9}"
EndProject
Project("{FAE04EC0-301F-11D3-BF4B-00C04F79EFBC}") = "Observer", "DesignPatterns\Behavioral\Observer\Observer.csproj", "{2C6BC178-F47D-4336-97C7-C9FD76A4F220}"
EndProject
Project("{FAE04EC0-301F-11D3-BF4B-00C04F79EFBC}") = "State", "DesignPatterns\Behavioral\State\State.csproj", "{E7DA125E-D3C3-43CF-9E94-C341D5AA0507}"
EndProject
Project("{FAE04EC0-301F-11D3-BF4B-00C04F79EFBC}") = "Strategy", "DesignPatterns\Behavioral\Strategy\Strategy.csproj", "{B6A06643-AB38-4D66-BF75-DEFC73CB1B9A}"
EndProject
Project("{FAE04EC0-301F-11D3-BF4B-00C04F79EFBC}") = "TemplateMethod", "DesignPatterns\Behavioral\TemplateMethod\TemplateMethod.csproj", "{93ED2F76-B1FD-44A8-8C2F-5A1441574B88}"
EndProject
Project("{FAE04EC0-301F-11D3-BF4B-00C04F79EFBC}") = "AbstractFactory", "DesignPatterns\Creational\AbstractFactory\AbstractFactory.csproj", "{0936B83B-DD98-425B-BBF4-FCFCC8072CBF}"
EndProject
Project("{FAE04EC0-301F-11D3-BF4B-00C04F79EFBC}") = "Builder", "DesignPatterns\Creational\Builder\Builder.csproj", "{B32237B0-865F-4503-9F79-CB93BF980196}"
EndProject
Project("{FAE04EC0-301F-11D3-BF4B-00C04F79EFBC}") = "Factory", "DesignPatterns\Creational\Factory\Factory.csproj", "{C599141C-9EF9-48AB-8924-7003F309E8B9}"
EndProject
Project("{FAE04EC0-301F-11D3-BF4B-00C04F79EFBC}") = "Prototype", "DesignPatterns\Creational\Prototype\Prototype.csproj", "{45750E58-74FB-499C-BEBA-2D039283AD4B}"
EndProject
Project("{FAE04EC0-301F-11D3-BF4B-00C04F79EFBC}") = "Singleton", "DesignPatterns\Creational\Singleton\Singleton.csproj", "{5B32934A-98DB-4A3F-BC72-8FCBD36F03DF}"
EndProject
Project("{FAE04EC0-301F-11D3-BF4B-00C04F79EFBC}") = "Adapter", "DesignPatterns\Structural\Adapter\Adapter.csproj", "{5E2A293F-210D-44A1-B93E-C451B54D2926}"
EndProject
Project("{FAE04EC0-301F-11D3-BF4B-00C04F79EFBC}") = "Decorator", "DesignPatterns\Structural\Decorator\Decorator.csproj", "{7C47E157-E7CE-4A80-944C-C25FD470D9F6}"
EndProject
Project("{FAE04EC0-301F-11D3-BF4B-00C04F79EFBC}") = "Facade", "DesignPatterns\Structural\Facade\Facade.csproj", "{05C6DBFE-88BB-4A45-B477-131C00D05329}"
EndProject
Project("{FAE04EC0-301F-11D3-BF4B-00C04F79EFBC}") = "Proxy", "DesignPatterns\Structural\Proxy\Proxy.csproj", "{80D69EE5-C9CB-43C0-8FEF-D2AF9BD1BDD9}"
EndProject
Project("{FAE04EC0-301F-11D3-BF4B-00C04F79EFBC}") = "AutoMapper_examples", "Libraries\AutoMapper_examples\AutoMapper_examples.csproj", "{211CD17F-4376-4B17-BA76-99CF8D00A041}"
EndProject
Project("{FAE04EC0-301F-11D3-BF4B-00C04F79EFBC}") = "FluentValidation_examples", "Libraries\FluentValidation_examples\FluentValidation_examples.csproj", "{18158977-E167-4245-88D7-3AFCDCDBCAFA}"
EndProject
Project("{FAE04EC0-301F-11D3-BF4B-00C04F79EFBC}") = "JSON", "Libraries\JSON\JSON.csproj", "{FD3FD4AE-D68B-42EA-A12B-B718DFAD479E}"
EndProject
Project("{FAE04EC0-301F-11D3-BF4B-00C04F79EFBC}") = "LINQ_examples", "Libraries\LINQ_examples\LINQ_examples.csproj", "{141F1631-F2D8-44C5-BFDC-68AC1CAEEBDA}"
EndProject
Project("{FAE04EC0-301F-11D3-BF4B-00C04F79EFBC}") = "xUnit_tests", "Libraries\xUnit_tests\xUnit_tests.csproj", "{D6C544F7-B377-4155-983B-3E56B2C86A0F}"
EndProject
Project("{FAE04EC0-301F-11D3-BF4B-00C04F79EFBC}") = "DependencyInversion", "SOLID\DependencyInversion\DependencyInversion.csproj", "{FF2EE9A0-1111-46E3-9397-9B930B304C1E}"
EndProject
Project("{FAE04EC0-301F-11D3-BF4B-00C04F79EFBC}") = "InterfaceSegregation", "SOLID\InterfaceSegregation\InterfaceSegregation.csproj", "{FE0EA7D0-396E-4E2A-8D4D-58ABF4375FE6}"
EndProject
Project("{FAE04EC0-301F-11D3-BF4B-00C04F79EFBC}") = "LiskovSubstitution", "SOLID\LiskovSubstitution\LiskovSubstitution.csproj", "{C0E525FA-CA05-4F67-85DB-35AAC1846140}"
EndProject
Project("{FAE04EC0-301F-11D3-BF4B-00C04F79EFBC}") = "OpenClose", "SOLID\OpenClose\OpenClose.csproj", "{2A0B5428-E79E-4FC2-AF70-222C1AFD2E3E}"
EndProject
Project("{FAE04EC0-301F-11D3-BF4B-00C04F79EFBC}") = "SingleResponsibility", "SOLID\SingleResponsibility\SingleResponsibility.csproj", "{4BBEAFA5-2088-465B-BDED-52BD7F25E657}"
EndProject
Project("{FAE04EC0-301F-11D3-BF4B-00C04F79EFBC}") = "MVVM_demo", "WPF\MVVM_demo\MVVM_demo.csproj", "{222F02AB-C39C-49C2-A339-7F3BB7BB5649}"
EndProject
Project("{FAE04EC0-301F-11D3-BF4B-00C04F79EFBC}") = "WPF_EF_SQL", "WPF\WPF_EF_SQL\WPF_EF_SQL.csproj", "{B7CB13E7-02C9-4280-AD6C-174CADEEB0A8}"
EndProject
Project("{FAE04EC0-301F-11D3-BF4B-00C04F79EFBC}") = "WPF_examples", "WPF\WPF_examples\WPF_examples.csproj", "{F1E35202-DDFA-4D52-AEB0-17BD8B63FC1D}"
EndProject
Project("{FAE04EC0-301F-11D3-BF4B-00C04F79EFBC}") = "ConsoleApp", "ConsoleApp\ConsoleApp.csproj", "{730962D1-3D58-4EB9-B908-21EA0EDEA74F}"
EndProject
Project("{FAE04EC0-301F-11D3-BF4B-00C04F79EFBC}") = "Kata", "Kata\Kata.csproj", "{101A57D7-C18C-4A5A-9C21-F03D8E4CDF23}"
EndProject
Global
	GlobalSection(SolutionConfigurationPlatforms) = preSolution
		Debug|Any CPU = Debug|Any CPU
		Release|Any CPU = Release|Any CPU
	EndGlobalSection
	GlobalSection(ProjectConfigurationPlatforms) = postSolution
		{E61A98A6-3FF8-480C-A800-A06B66A67009}.Debug|Any CPU.ActiveCfg = Debug|Any CPU
		{E61A98A6-3FF8-480C-A800-A06B66A67009}.Debug|Any CPU.Build.0 = Debug|Any CPU
		{E61A98A6-3FF8-480C-A800-A06B66A67009}.Release|Any CPU.ActiveCfg = Release|Any CPU
		{E61A98A6-3FF8-480C-A800-A06B66A67009}.Release|Any CPU.Build.0 = Release|Any CPU
		{C4BF023B-7C98-4AA4-8B2A-2937C6168521}.Debug|Any CPU.ActiveCfg = Debug|Any CPU
		{C4BF023B-7C98-4AA4-8B2A-2937C6168521}.Debug|Any CPU.Build.0 = Debug|Any CPU
		{C4BF023B-7C98-4AA4-8B2A-2937C6168521}.Release|Any CPU.ActiveCfg = Release|Any CPU
		{C4BF023B-7C98-4AA4-8B2A-2937C6168521}.Release|Any CPU.Build.0 = Release|Any CPU
		{461DF8CE-9753-43BC-BC59-EA557F1B84EF}.Debug|Any CPU.ActiveCfg = Debug|Any CPU
		{461DF8CE-9753-43BC-BC59-EA557F1B84EF}.Debug|Any CPU.Build.0 = Debug|Any CPU
		{461DF8CE-9753-43BC-BC59-EA557F1B84EF}.Release|Any CPU.ActiveCfg = Release|Any CPU
		{461DF8CE-9753-43BC-BC59-EA557F1B84EF}.Release|Any CPU.Build.0 = Release|Any CPU
		{93D703ED-633B-449C-BE49-3DD2531A8DCB}.Debug|Any CPU.ActiveCfg = Debug|Any CPU
		{93D703ED-633B-449C-BE49-3DD2531A8DCB}.Debug|Any CPU.Build.0 = Debug|Any CPU
		{93D703ED-633B-449C-BE49-3DD2531A8DCB}.Release|Any CPU.ActiveCfg = Release|Any CPU
		{93D703ED-633B-449C-BE49-3DD2531A8DCB}.Release|Any CPU.Build.0 = Release|Any CPU
		{2534A987-058C-47A4-BEA5-19133133D842}.Debug|Any CPU.ActiveCfg = Debug|Any CPU
		{2534A987-058C-47A4-BEA5-19133133D842}.Debug|Any CPU.Build.0 = Debug|Any CPU
		{2534A987-058C-47A4-BEA5-19133133D842}.Release|Any CPU.ActiveCfg = Release|Any CPU
		{2534A987-058C-47A4-BEA5-19133133D842}.Release|Any CPU.Build.0 = Release|Any CPU
		{5087C760-9F17-48F4-B1F1-4665DA803F48}.Debug|Any CPU.ActiveCfg = Debug|Any CPU
		{5087C760-9F17-48F4-B1F1-4665DA803F48}.Debug|Any CPU.Build.0 = Debug|Any CPU
		{5087C760-9F17-48F4-B1F1-4665DA803F48}.Release|Any CPU.ActiveCfg = Release|Any CPU
		{5087C760-9F17-48F4-B1F1-4665DA803F48}.Release|Any CPU.Build.0 = Release|Any CPU
		{FC31F543-AC4D-4943-A045-7B83613E565D}.Debug|Any CPU.ActiveCfg = Debug|Any CPU
		{FC31F543-AC4D-4943-A045-7B83613E565D}.Debug|Any CPU.Build.0 = Debug|Any CPU
		{FC31F543-AC4D-4943-A045-7B83613E565D}.Release|Any CPU.ActiveCfg = Release|Any CPU
		{FC31F543-AC4D-4943-A045-7B83613E565D}.Release|Any CPU.Build.0 = Release|Any CPU
		{04A46C1B-548E-4EE9-AAE2-01FBE37225BB}.Debug|Any CPU.ActiveCfg = Debug|Any CPU
		{04A46C1B-548E-4EE9-AAE2-01FBE37225BB}.Debug|Any CPU.Build.0 = Debug|Any CPU
		{04A46C1B-548E-4EE9-AAE2-01FBE37225BB}.Release|Any CPU.ActiveCfg = Release|Any CPU
		{04A46C1B-548E-4EE9-AAE2-01FBE37225BB}.Release|Any CPU.Build.0 = Release|Any CPU
		{69D055BC-F140-42F3-A55A-09906B376384}.Debug|Any CPU.ActiveCfg = Debug|Any CPU
		{69D055BC-F140-42F3-A55A-09906B376384}.Debug|Any CPU.Build.0 = Debug|Any CPU
		{69D055BC-F140-42F3-A55A-09906B376384}.Release|Any CPU.ActiveCfg = Release|Any CPU
		{69D055BC-F140-42F3-A55A-09906B376384}.Release|Any CPU.Build.0 = Release|Any CPU
		{C3092164-A0E0-49DF-81D6-F681B570B1EB}.Debug|Any CPU.ActiveCfg = Debug|Any CPU
		{C3092164-A0E0-49DF-81D6-F681B570B1EB}.Debug|Any CPU.Build.0 = Debug|Any CPU
		{C3092164-A0E0-49DF-81D6-F681B570B1EB}.Release|Any CPU.ActiveCfg = Release|Any CPU
		{C3092164-A0E0-49DF-81D6-F681B570B1EB}.Release|Any CPU.Build.0 = Release|Any CPU
		{95E2CF59-A828-4145-8F22-356DFA88701B}.Debug|Any CPU.ActiveCfg = Debug|Any CPU
		{95E2CF59-A828-4145-8F22-356DFA88701B}.Debug|Any CPU.Build.0 = Debug|Any CPU
		{95E2CF59-A828-4145-8F22-356DFA88701B}.Release|Any CPU.ActiveCfg = Release|Any CPU
		{95E2CF59-A828-4145-8F22-356DFA88701B}.Release|Any CPU.Build.0 = Release|Any CPU
		{53126C01-CCC2-4C98-BB2F-FC9F96E01E04}.Debug|Any CPU.ActiveCfg = Debug|Any CPU
		{53126C01-CCC2-4C98-BB2F-FC9F96E01E04}.Debug|Any CPU.Build.0 = Debug|Any CPU
		{53126C01-CCC2-4C98-BB2F-FC9F96E01E04}.Release|Any CPU.ActiveCfg = Release|Any CPU
		{53126C01-CCC2-4C98-BB2F-FC9F96E01E04}.Release|Any CPU.Build.0 = Release|Any CPU
		{B96C0EF8-00C7-4723-BB64-51433A699003}.Debug|Any CPU.ActiveCfg = Debug|Any CPU
		{B96C0EF8-00C7-4723-BB64-51433A699003}.Debug|Any CPU.Build.0 = Debug|Any CPU
		{B96C0EF8-00C7-4723-BB64-51433A699003}.Release|Any CPU.ActiveCfg = Release|Any CPU
		{B96C0EF8-00C7-4723-BB64-51433A699003}.Release|Any CPU.Build.0 = Release|Any CPU
		{628FC721-BB97-4B7B-8EBB-A71FBA6674FC}.Debug|Any CPU.ActiveCfg = Debug|Any CPU
		{628FC721-BB97-4B7B-8EBB-A71FBA6674FC}.Debug|Any CPU.Build.0 = Debug|Any CPU
		{628FC721-BB97-4B7B-8EBB-A71FBA6674FC}.Release|Any CPU.ActiveCfg = Release|Any CPU
		{628FC721-BB97-4B7B-8EBB-A71FBA6674FC}.Release|Any CPU.Build.0 = Release|Any CPU
		{15261E87-877D-41A9-915B-A960A2F8DB12}.Debug|Any CPU.ActiveCfg = Debug|Any CPU
		{15261E87-877D-41A9-915B-A960A2F8DB12}.Debug|Any CPU.Build.0 = Debug|Any CPU
		{15261E87-877D-41A9-915B-A960A2F8DB12}.Release|Any CPU.ActiveCfg = Release|Any CPU
		{15261E87-877D-41A9-915B-A960A2F8DB12}.Release|Any CPU.Build.0 = Release|Any CPU
		{01D3AF29-12E7-4E9C-8B0A-AADDB831E08B}.Debug|Any CPU.ActiveCfg = Debug|Any CPU
		{01D3AF29-12E7-4E9C-8B0A-AADDB831E08B}.Debug|Any CPU.Build.0 = Debug|Any CPU
		{01D3AF29-12E7-4E9C-8B0A-AADDB831E08B}.Release|Any CPU.ActiveCfg = Release|Any CPU
		{01D3AF29-12E7-4E9C-8B0A-AADDB831E08B}.Release|Any CPU.Build.0 = Release|Any CPU
		{B5CD7F1B-8258-45C9-AE94-90D82E905ECD}.Debug|Any CPU.ActiveCfg = Debug|Any CPU
		{B5CD7F1B-8258-45C9-AE94-90D82E905ECD}.Debug|Any CPU.Build.0 = Debug|Any CPU
		{B5CD7F1B-8258-45C9-AE94-90D82E905ECD}.Release|Any CPU.ActiveCfg = Release|Any CPU
		{B5CD7F1B-8258-45C9-AE94-90D82E905ECD}.Release|Any CPU.Build.0 = Release|Any CPU
		{8716BB30-FD8A-4334-B8B0-CA50B3F26912}.Debug|Any CPU.ActiveCfg = Debug|Any CPU
		{8716BB30-FD8A-4334-B8B0-CA50B3F26912}.Debug|Any CPU.Build.0 = Debug|Any CPU
		{8716BB30-FD8A-4334-B8B0-CA50B3F26912}.Release|Any CPU.ActiveCfg = Release|Any CPU
		{8716BB30-FD8A-4334-B8B0-CA50B3F26912}.Release|Any CPU.Build.0 = Release|Any CPU
		{37350A69-63E5-4137-82D5-119060D52125}.Debug|Any CPU.ActiveCfg = Debug|Any CPU
		{37350A69-63E5-4137-82D5-119060D52125}.Debug|Any CPU.Build.0 = Debug|Any CPU
		{37350A69-63E5-4137-82D5-119060D52125}.Release|Any CPU.ActiveCfg = Release|Any CPU
		{37350A69-63E5-4137-82D5-119060D52125}.Release|Any CPU.Build.0 = Release|Any CPU
		{97B05CF0-3FF1-4315-BADB-521C1F47548C}.Debug|Any CPU.ActiveCfg = Debug|Any CPU
		{97B05CF0-3FF1-4315-BADB-521C1F47548C}.Debug|Any CPU.Build.0 = Debug|Any CPU
		{97B05CF0-3FF1-4315-BADB-521C1F47548C}.Release|Any CPU.ActiveCfg = Release|Any CPU
		{97B05CF0-3FF1-4315-BADB-521C1F47548C}.Release|Any CPU.Build.0 = Release|Any CPU
		{C05D0B45-0E94-4214-B7C0-27F8B581C26A}.Debug|Any CPU.ActiveCfg = Debug|Any CPU
		{C05D0B45-0E94-4214-B7C0-27F8B581C26A}.Debug|Any CPU.Build.0 = Debug|Any CPU
		{C05D0B45-0E94-4214-B7C0-27F8B581C26A}.Release|Any CPU.ActiveCfg = Release|Any CPU
		{C05D0B45-0E94-4214-B7C0-27F8B581C26A}.Release|Any CPU.Build.0 = Release|Any CPU
		{57091B0C-3119-4603-912D-1DA2D6AD9EF9}.Debug|Any CPU.ActiveCfg = Debug|Any CPU
		{57091B0C-3119-4603-912D-1DA2D6AD9EF9}.Debug|Any CPU.Build.0 = Debug|Any CPU
		{57091B0C-3119-4603-912D-1DA2D6AD9EF9}.Release|Any CPU.ActiveCfg = Release|Any CPU
		{57091B0C-3119-4603-912D-1DA2D6AD9EF9}.Release|Any CPU.Build.0 = Release|Any CPU
		{2C6BC178-F47D-4336-97C7-C9FD76A4F220}.Debug|Any CPU.ActiveCfg = Debug|Any CPU
		{2C6BC178-F47D-4336-97C7-C9FD76A4F220}.Debug|Any CPU.Build.0 = Debug|Any CPU
		{2C6BC178-F47D-4336-97C7-C9FD76A4F220}.Release|Any CPU.ActiveCfg = Release|Any CPU
		{2C6BC178-F47D-4336-97C7-C9FD76A4F220}.Release|Any CPU.Build.0 = Release|Any CPU
		{E7DA125E-D3C3-43CF-9E94-C341D5AA0507}.Debug|Any CPU.ActiveCfg = Debug|Any CPU
		{E7DA125E-D3C3-43CF-9E94-C341D5AA0507}.Debug|Any CPU.Build.0 = Debug|Any CPU
		{E7DA125E-D3C3-43CF-9E94-C341D5AA0507}.Release|Any CPU.ActiveCfg = Release|Any CPU
		{E7DA125E-D3C3-43CF-9E94-C341D5AA0507}.Release|Any CPU.Build.0 = Release|Any CPU
		{B6A06643-AB38-4D66-BF75-DEFC73CB1B9A}.Debug|Any CPU.ActiveCfg = Debug|Any CPU
		{B6A06643-AB38-4D66-BF75-DEFC73CB1B9A}.Debug|Any CPU.Build.0 = Debug|Any CPU
		{B6A06643-AB38-4D66-BF75-DEFC73CB1B9A}.Release|Any CPU.ActiveCfg = Release|Any CPU
		{B6A06643-AB38-4D66-BF75-DEFC73CB1B9A}.Release|Any CPU.Build.0 = Release|Any CPU
		{93ED2F76-B1FD-44A8-8C2F-5A1441574B88}.Debug|Any CPU.ActiveCfg = Debug|Any CPU
		{93ED2F76-B1FD-44A8-8C2F-5A1441574B88}.Debug|Any CPU.Build.0 = Debug|Any CPU
		{93ED2F76-B1FD-44A8-8C2F-5A1441574B88}.Release|Any CPU.ActiveCfg = Release|Any CPU
		{93ED2F76-B1FD-44A8-8C2F-5A1441574B88}.Release|Any CPU.Build.0 = Release|Any CPU
		{0936B83B-DD98-425B-BBF4-FCFCC8072CBF}.Debug|Any CPU.ActiveCfg = Debug|Any CPU
		{0936B83B-DD98-425B-BBF4-FCFCC8072CBF}.Debug|Any CPU.Build.0 = Debug|Any CPU
		{0936B83B-DD98-425B-BBF4-FCFCC8072CBF}.Release|Any CPU.ActiveCfg = Release|Any CPU
		{0936B83B-DD98-425B-BBF4-FCFCC8072CBF}.Release|Any CPU.Build.0 = Release|Any CPU
		{B32237B0-865F-4503-9F79-CB93BF980196}.Debug|Any CPU.ActiveCfg = Debug|Any CPU
		{B32237B0-865F-4503-9F79-CB93BF980196}.Debug|Any CPU.Build.0 = Debug|Any CPU
		{B32237B0-865F-4503-9F79-CB93BF980196}.Release|Any CPU.ActiveCfg = Release|Any CPU
		{B32237B0-865F-4503-9F79-CB93BF980196}.Release|Any CPU.Build.0 = Release|Any CPU
		{C599141C-9EF9-48AB-8924-7003F309E8B9}.Debug|Any CPU.ActiveCfg = Debug|Any CPU
		{C599141C-9EF9-48AB-8924-7003F309E8B9}.Debug|Any CPU.Build.0 = Debug|Any CPU
		{C599141C-9EF9-48AB-8924-7003F309E8B9}.Release|Any CPU.ActiveCfg = Release|Any CPU
		{C599141C-9EF9-48AB-8924-7003F309E8B9}.Release|Any CPU.Build.0 = Release|Any CPU
		{45750E58-74FB-499C-BEBA-2D039283AD4B}.Debug|Any CPU.ActiveCfg = Debug|Any CPU
		{45750E58-74FB-499C-BEBA-2D039283AD4B}.Debug|Any CPU.Build.0 = Debug|Any CPU
		{45750E58-74FB-499C-BEBA-2D039283AD4B}.Release|Any CPU.ActiveCfg = Release|Any CPU
		{45750E58-74FB-499C-BEBA-2D039283AD4B}.Release|Any CPU.Build.0 = Release|Any CPU
		{5B32934A-98DB-4A3F-BC72-8FCBD36F03DF}.Debug|Any CPU.ActiveCfg = Debug|Any CPU
		{5B32934A-98DB-4A3F-BC72-8FCBD36F03DF}.Debug|Any CPU.Build.0 = Debug|Any CPU
		{5B32934A-98DB-4A3F-BC72-8FCBD36F03DF}.Release|Any CPU.ActiveCfg = Release|Any CPU
		{5B32934A-98DB-4A3F-BC72-8FCBD36F03DF}.Release|Any CPU.Build.0 = Release|Any CPU
		{5E2A293F-210D-44A1-B93E-C451B54D2926}.Debug|Any CPU.ActiveCfg = Debug|Any CPU
		{5E2A293F-210D-44A1-B93E-C451B54D2926}.Debug|Any CPU.Build.0 = Debug|Any CPU
		{5E2A293F-210D-44A1-B93E-C451B54D2926}.Release|Any CPU.ActiveCfg = Release|Any CPU
		{5E2A293F-210D-44A1-B93E-C451B54D2926}.Release|Any CPU.Build.0 = Release|Any CPU
		{7C47E157-E7CE-4A80-944C-C25FD470D9F6}.Debug|Any CPU.ActiveCfg = Debug|Any CPU
		{7C47E157-E7CE-4A80-944C-C25FD470D9F6}.Debug|Any CPU.Build.0 = Debug|Any CPU
		{7C47E157-E7CE-4A80-944C-C25FD470D9F6}.Release|Any CPU.ActiveCfg = Release|Any CPU
		{7C47E157-E7CE-4A80-944C-C25FD470D9F6}.Release|Any CPU.Build.0 = Release|Any CPU
		{05C6DBFE-88BB-4A45-B477-131C00D05329}.Debug|Any CPU.ActiveCfg = Debug|Any CPU
		{05C6DBFE-88BB-4A45-B477-131C00D05329}.Debug|Any CPU.Build.0 = Debug|Any CPU
		{05C6DBFE-88BB-4A45-B477-131C00D05329}.Release|Any CPU.ActiveCfg = Release|Any CPU
		{05C6DBFE-88BB-4A45-B477-131C00D05329}.Release|Any CPU.Build.0 = Release|Any CPU
		{80D69EE5-C9CB-43C0-8FEF-D2AF9BD1BDD9}.Debug|Any CPU.ActiveCfg = Debug|Any CPU
		{80D69EE5-C9CB-43C0-8FEF-D2AF9BD1BDD9}.Debug|Any CPU.Build.0 = Debug|Any CPU
		{80D69EE5-C9CB-43C0-8FEF-D2AF9BD1BDD9}.Release|Any CPU.ActiveCfg = Release|Any CPU
		{80D69EE5-C9CB-43C0-8FEF-D2AF9BD1BDD9}.Release|Any CPU.Build.0 = Release|Any CPU
		{211CD17F-4376-4B17-BA76-99CF8D00A041}.Debug|Any CPU.ActiveCfg = Debug|Any CPU
		{211CD17F-4376-4B17-BA76-99CF8D00A041}.Debug|Any CPU.Build.0 = Debug|Any CPU
		{211CD17F-4376-4B17-BA76-99CF8D00A041}.Release|Any CPU.ActiveCfg = Release|Any CPU
		{211CD17F-4376-4B17-BA76-99CF8D00A041}.Release|Any CPU.Build.0 = Release|Any CPU
		{18158977-E167-4245-88D7-3AFCDCDBCAFA}.Debug|Any CPU.ActiveCfg = Debug|Any CPU
		{18158977-E167-4245-88D7-3AFCDCDBCAFA}.Debug|Any CPU.Build.0 = Debug|Any CPU
		{18158977-E167-4245-88D7-3AFCDCDBCAFA}.Release|Any CPU.ActiveCfg = Release|Any CPU
		{18158977-E167-4245-88D7-3AFCDCDBCAFA}.Release|Any CPU.Build.0 = Release|Any CPU
		{FD3FD4AE-D68B-42EA-A12B-B718DFAD479E}.Debug|Any CPU.ActiveCfg = Debug|Any CPU
		{FD3FD4AE-D68B-42EA-A12B-B718DFAD479E}.Debug|Any CPU.Build.0 = Debug|Any CPU
		{FD3FD4AE-D68B-42EA-A12B-B718DFAD479E}.Release|Any CPU.ActiveCfg = Release|Any CPU
		{FD3FD4AE-D68B-42EA-A12B-B718DFAD479E}.Release|Any CPU.Build.0 = Release|Any CPU
		{141F1631-F2D8-44C5-BFDC-68AC1CAEEBDA}.Debug|Any CPU.ActiveCfg = Debug|Any CPU
		{141F1631-F2D8-44C5-BFDC-68AC1CAEEBDA}.Debug|Any CPU.Build.0 = Debug|Any CPU
		{141F1631-F2D8-44C5-BFDC-68AC1CAEEBDA}.Release|Any CPU.ActiveCfg = Release|Any CPU
		{141F1631-F2D8-44C5-BFDC-68AC1CAEEBDA}.Release|Any CPU.Build.0 = Release|Any CPU
		{D6C544F7-B377-4155-983B-3E56B2C86A0F}.Debug|Any CPU.ActiveCfg = Debug|Any CPU
		{D6C544F7-B377-4155-983B-3E56B2C86A0F}.Debug|Any CPU.Build.0 = Debug|Any CPU
		{D6C544F7-B377-4155-983B-3E56B2C86A0F}.Release|Any CPU.ActiveCfg = Release|Any CPU
		{D6C544F7-B377-4155-983B-3E56B2C86A0F}.Release|Any CPU.Build.0 = Release|Any CPU
		{FF2EE9A0-1111-46E3-9397-9B930B304C1E}.Debug|Any CPU.ActiveCfg = Debug|Any CPU
		{FF2EE9A0-1111-46E3-9397-9B930B304C1E}.Debug|Any CPU.Build.0 = Debug|Any CPU
		{FF2EE9A0-1111-46E3-9397-9B930B304C1E}.Release|Any CPU.ActiveCfg = Release|Any CPU
		{FF2EE9A0-1111-46E3-9397-9B930B304C1E}.Release|Any CPU.Build.0 = Release|Any CPU
		{FE0EA7D0-396E-4E2A-8D4D-58ABF4375FE6}.Debug|Any CPU.ActiveCfg = Debug|Any CPU
		{FE0EA7D0-396E-4E2A-8D4D-58ABF4375FE6}.Debug|Any CPU.Build.0 = Debug|Any CPU
		{FE0EA7D0-396E-4E2A-8D4D-58ABF4375FE6}.Release|Any CPU.ActiveCfg = Release|Any CPU
		{FE0EA7D0-396E-4E2A-8D4D-58ABF4375FE6}.Release|Any CPU.Build.0 = Release|Any CPU
		{C0E525FA-CA05-4F67-85DB-35AAC1846140}.Debug|Any CPU.ActiveCfg = Debug|Any CPU
		{C0E525FA-CA05-4F67-85DB-35AAC1846140}.Debug|Any CPU.Build.0 = Debug|Any CPU
		{C0E525FA-CA05-4F67-85DB-35AAC1846140}.Release|Any CPU.ActiveCfg = Release|Any CPU
		{C0E525FA-CA05-4F67-85DB-35AAC1846140}.Release|Any CPU.Build.0 = Release|Any CPU
		{2A0B5428-E79E-4FC2-AF70-222C1AFD2E3E}.Debug|Any CPU.ActiveCfg = Debug|Any CPU
		{2A0B5428-E79E-4FC2-AF70-222C1AFD2E3E}.Debug|Any CPU.Build.0 = Debug|Any CPU
		{2A0B5428-E79E-4FC2-AF70-222C1AFD2E3E}.Release|Any CPU.ActiveCfg = Release|Any CPU
		{2A0B5428-E79E-4FC2-AF70-222C1AFD2E3E}.Release|Any CPU.Build.0 = Release|Any CPU
		{4BBEAFA5-2088-465B-BDED-52BD7F25E657}.Debug|Any CPU.ActiveCfg = Debug|Any CPU
		{4BBEAFA5-2088-465B-BDED-52BD7F25E657}.Debug|Any CPU.Build.0 = Debug|Any CPU
		{4BBEAFA5-2088-465B-BDED-52BD7F25E657}.Release|Any CPU.ActiveCfg = Release|Any CPU
		{4BBEAFA5-2088-465B-BDED-52BD7F25E657}.Release|Any CPU.Build.0 = Release|Any CPU
		{222F02AB-C39C-49C2-A339-7F3BB7BB5649}.Debug|Any CPU.ActiveCfg = Debug|Any CPU
		{222F02AB-C39C-49C2-A339-7F3BB7BB5649}.Debug|Any CPU.Build.0 = Debug|Any CPU
		{222F02AB-C39C-49C2-A339-7F3BB7BB5649}.Release|Any CPU.ActiveCfg = Release|Any CPU
		{222F02AB-C39C-49C2-A339-7F3BB7BB5649}.Release|Any CPU.Build.0 = Release|Any CPU
		{B7CB13E7-02C9-4280-AD6C-174CADEEB0A8}.Debug|Any CPU.ActiveCfg = Debug|Any CPU
		{B7CB13E7-02C9-4280-AD6C-174CADEEB0A8}.Debug|Any CPU.Build.0 = Debug|Any CPU
		{B7CB13E7-02C9-4280-AD6C-174CADEEB0A8}.Release|Any CPU.ActiveCfg = Release|Any CPU
		{B7CB13E7-02C9-4280-AD6C-174CADEEB0A8}.Release|Any CPU.Build.0 = Release|Any CPU
		{F1E35202-DDFA-4D52-AEB0-17BD8B63FC1D}.Debug|Any CPU.ActiveCfg = Debug|Any CPU
		{F1E35202-DDFA-4D52-AEB0-17BD8B63FC1D}.Debug|Any CPU.Build.0 = Debug|Any CPU
		{F1E35202-DDFA-4D52-AEB0-17BD8B63FC1D}.Release|Any CPU.ActiveCfg = Release|Any CPU
		{F1E35202-DDFA-4D52-AEB0-17BD8B63FC1D}.Release|Any CPU.Build.0 = Release|Any CPU
		{730962D1-3D58-4EB9-B908-21EA0EDEA74F}.Debug|Any CPU.ActiveCfg = Debug|Any CPU
		{730962D1-3D58-4EB9-B908-21EA0EDEA74F}.Debug|Any CPU.Build.0 = Debug|Any CPU
		{730962D1-3D58-4EB9-B908-21EA0EDEA74F}.Release|Any CPU.ActiveCfg = Release|Any CPU
		{730962D1-3D58-4EB9-B908-21EA0EDEA74F}.Release|Any CPU.Build.0 = Release|Any CPU
		{101A57D7-C18C-4A5A-9C21-F03D8E4CDF23}.Debug|Any CPU.ActiveCfg = Debug|Any CPU
		{101A57D7-C18C-4A5A-9C21-F03D8E4CDF23}.Debug|Any CPU.Build.0 = Debug|Any CPU
		{101A57D7-C18C-4A5A-9C21-F03D8E4CDF23}.Release|Any CPU.ActiveCfg = Release|Any CPU
		{101A57D7-C18C-4A5A-9C21-F03D8E4CDF23}.Release|Any CPU.Build.0 = Release|Any CPU
	EndGlobalSection
	GlobalSection(SolutionProperties) = preSolution
		HideSolutionNode = FALSE
	EndGlobalSection
	GlobalSection(NestedProjects) = preSolution
		{526B57B7-2692-4B7A-B952-846850E0AD8F} = {74E86F0A-7152-4D74-9A2B-C9553365FA81}
		{424E2623-461F-4E72-ABDB-B9D692823791} = {74E86F0A-7152-4D74-9A2B-C9553365FA81}
		{37A3369F-CE7A-4DEF-BDF2-B57DE8FCE656} = {74E86F0A-7152-4D74-9A2B-C9553365FA81}
		{C4BF023B-7C98-4AA4-8B2A-2937C6168521} = {29393094-66E7-4A00-B756-3A11AE282DB3}
		{461DF8CE-9753-43BC-BC59-EA557F1B84EF} = {29393094-66E7-4A00-B756-3A11AE282DB3}
		{93D703ED-633B-449C-BE49-3DD2531A8DCB} = {29393094-66E7-4A00-B756-3A11AE282DB3}
		{2534A987-058C-47A4-BEA5-19133133D842} = {29393094-66E7-4A00-B756-3A11AE282DB3}
		{5087C760-9F17-48F4-B1F1-4665DA803F48} = {29393094-66E7-4A00-B756-3A11AE282DB3}
		{FC31F543-AC4D-4943-A045-7B83613E565D} = {29393094-66E7-4A00-B756-3A11AE282DB3}
		{04A46C1B-548E-4EE9-AAE2-01FBE37225BB} = {29393094-66E7-4A00-B756-3A11AE282DB3}
		{69D055BC-F140-42F3-A55A-09906B376384} = {29393094-66E7-4A00-B756-3A11AE282DB3}
		{C3092164-A0E0-49DF-81D6-F681B570B1EB} = {29393094-66E7-4A00-B756-3A11AE282DB3}
		{95E2CF59-A828-4145-8F22-356DFA88701B} = {29393094-66E7-4A00-B756-3A11AE282DB3}
		{53126C01-CCC2-4C98-BB2F-FC9F96E01E04} = {29393094-66E7-4A00-B756-3A11AE282DB3}
		{B96C0EF8-00C7-4723-BB64-51433A699003} = {29393094-66E7-4A00-B756-3A11AE282DB3}
		{628FC721-BB97-4B7B-8EBB-A71FBA6674FC} = {29393094-66E7-4A00-B756-3A11AE282DB3}
		{15261E87-877D-41A9-915B-A960A2F8DB12} = {29393094-66E7-4A00-B756-3A11AE282DB3}
		{01D3AF29-12E7-4E9C-8B0A-AADDB831E08B} = {29393094-66E7-4A00-B756-3A11AE282DB3}
		{B5CD7F1B-8258-45C9-AE94-90D82E905ECD} = {29393094-66E7-4A00-B756-3A11AE282DB3}
		{8716BB30-FD8A-4334-B8B0-CA50B3F26912} = {29393094-66E7-4A00-B756-3A11AE282DB3}
		{37350A69-63E5-4137-82D5-119060D52125} = {29393094-66E7-4A00-B756-3A11AE282DB3}
		{97B05CF0-3FF1-4315-BADB-521C1F47548C} = {29393094-66E7-4A00-B756-3A11AE282DB3}
		{C05D0B45-0E94-4214-B7C0-27F8B581C26A} = {37A3369F-CE7A-4DEF-BDF2-B57DE8FCE656}
		{57091B0C-3119-4603-912D-1DA2D6AD9EF9} = {37A3369F-CE7A-4DEF-BDF2-B57DE8FCE656}
		{2C6BC178-F47D-4336-97C7-C9FD76A4F220} = {37A3369F-CE7A-4DEF-BDF2-B57DE8FCE656}
		{E7DA125E-D3C3-43CF-9E94-C341D5AA0507} = {37A3369F-CE7A-4DEF-BDF2-B57DE8FCE656}
		{B6A06643-AB38-4D66-BF75-DEFC73CB1B9A} = {37A3369F-CE7A-4DEF-BDF2-B57DE8FCE656}
		{93ED2F76-B1FD-44A8-8C2F-5A1441574B88} = {37A3369F-CE7A-4DEF-BDF2-B57DE8FCE656}
		{0936B83B-DD98-425B-BBF4-FCFCC8072CBF} = {526B57B7-2692-4B7A-B952-846850E0AD8F}
		{B32237B0-865F-4503-9F79-CB93BF980196} = {526B57B7-2692-4B7A-B952-846850E0AD8F}
		{C599141C-9EF9-48AB-8924-7003F309E8B9} = {526B57B7-2692-4B7A-B952-846850E0AD8F}
		{45750E58-74FB-499C-BEBA-2D039283AD4B} = {526B57B7-2692-4B7A-B952-846850E0AD8F}
		{5B32934A-98DB-4A3F-BC72-8FCBD36F03DF} = {526B57B7-2692-4B7A-B952-846850E0AD8F}
		{5E2A293F-210D-44A1-B93E-C451B54D2926} = {424E2623-461F-4E72-ABDB-B9D692823791}
		{7C47E157-E7CE-4A80-944C-C25FD470D9F6} = {424E2623-461F-4E72-ABDB-B9D692823791}
		{05C6DBFE-88BB-4A45-B477-131C00D05329} = {424E2623-461F-4E72-ABDB-B9D692823791}
		{80D69EE5-C9CB-43C0-8FEF-D2AF9BD1BDD9} = {424E2623-461F-4E72-ABDB-B9D692823791}
		{211CD17F-4376-4B17-BA76-99CF8D00A041} = {8F9E35D3-852F-49DB-9D0C-AE0F93ECA986}
		{18158977-E167-4245-88D7-3AFCDCDBCAFA} = {8F9E35D3-852F-49DB-9D0C-AE0F93ECA986}
		{FD3FD4AE-D68B-42EA-A12B-B718DFAD479E} = {8F9E35D3-852F-49DB-9D0C-AE0F93ECA986}
		{141F1631-F2D8-44C5-BFDC-68AC1CAEEBDA} = {8F9E35D3-852F-49DB-9D0C-AE0F93ECA986}
		{D6C544F7-B377-4155-983B-3E56B2C86A0F} = {8F9E35D3-852F-49DB-9D0C-AE0F93ECA986}
		{FF2EE9A0-1111-46E3-9397-9B930B304C1E} = {84171A42-D240-45E3-866E-AF5F04706037}
		{FE0EA7D0-396E-4E2A-8D4D-58ABF4375FE6} = {84171A42-D240-45E3-866E-AF5F04706037}
		{C0E525FA-CA05-4F67-85DB-35AAC1846140} = {84171A42-D240-45E3-866E-AF5F04706037}
		{2A0B5428-E79E-4FC2-AF70-222C1AFD2E3E} = {84171A42-D240-45E3-866E-AF5F04706037}
		{4BBEAFA5-2088-465B-BDED-52BD7F25E657} = {84171A42-D240-45E3-866E-AF5F04706037}
		{222F02AB-C39C-49C2-A339-7F3BB7BB5649} = {9E7DDBAE-AE99-4EBF-BC76-A3E644E50120}
		{B7CB13E7-02C9-4280-AD6C-174CADEEB0A8} = {9E7DDBAE-AE99-4EBF-BC76-A3E644E50120}
		{F1E35202-DDFA-4D52-AEB0-17BD8B63FC1D} = {9E7DDBAE-AE99-4EBF-BC76-A3E644E50120}
	EndGlobalSection
	GlobalSection(ExtensibilityGlobals) = postSolution
		SolutionGuid = {E1383AFC-D60B-48B4-BAF0-C74954D62DA7}
	EndGlobalSection
EndGlobal
